
Microsoft Visual Studio Solution File, Format Version 12.00
# Visual Studio 15
VisualStudioVersion = 15.0.28307.136
MinimumVisualStudioVersion = 10.0.40219.1
Project("{FAE04EC0-301F-11D3-BF4B-00C04F79EFBC}") = "AngularApi", "AngularApi\AngularApi.csproj", "{6127D529-2BA3-4B4F-B2E3-32F26A89C104}"
EndProject
Project("{9A19103F-16F7-4668-BE54-9A1E7A4F7556}") = "QuickstartIdentityServer", "QuickstartIdentityServer\QuickstartIdentityServer.csproj", "{5C0FBBED-94CE-434D-A306-0C9448326D38}"
EndProject
Global
	GlobalSection(SolutionConfigurationPlatforms) = preSolution
		Debug|Any CPU = Debug|Any CPU
		Release|Any CPU = Release|Any CPU
	EndGlobalSection
	GlobalSection(ProjectConfigurationPlatforms) = postSolution
		{6127D529-2BA3-4B4F-B2E3-32F26A89C104}.Debug|Any CPU.ActiveCfg = Debug|Any CPU
		{6127D529-2BA3-4B4F-B2E3-32F26A89C104}.Debug|Any CPU.Build.0 = Debug|Any CPU
		{6127D529-2BA3-4B4F-B2E3-32F26A89C104}.Release|Any CPU.ActiveCfg = Release|Any CPU
		{6127D529-2BA3-4B4F-B2E3-32F26A89C104}.Release|Any CPU.Build.0 = Release|Any CPU
		{5C0FBBED-94CE-434D-A306-0C9448326D38}.Debug|Any CPU.ActiveCfg = Debug|Any CPU
		{5C0FBBED-94CE-434D-A306-0C9448326D38}.Debug|Any CPU.Build.0 = Debug|Any CPU
		{5C0FBBED-94CE-434D-A306-0C9448326D38}.Release|Any CPU.ActiveCfg = Release|Any CPU
		{5C0FBBED-94CE-434D-A306-0C9448326D38}.Release|Any CPU.Build.0 = Release|Any CPU
	EndGlobalSection
	GlobalSection(SolutionProperties) = preSolution
		HideSolutionNode = FALSE
	EndGlobalSection
	GlobalSection(ExtensibilityGlobals) = postSolution
		SolutionGuid = {096E041D-D0E3-4EE9-8CBF-B85CA242EF75}
	EndGlobalSection
EndGlobal
